# This file may be used to create an environment using:
# $ conda create --name <env> --file <this file>
# platform: win-64
# created-by: conda 26.5.3
@EXPLICIT
https://conda.anaconda.org/conda-forge/noarch/ca-certificates-2026.7.22-h4c7d964_0.conda#95e8e74062a5fe5f870ac8c90302b6e89945165fdaed7810606e84ddee6aac12
https://conda.anaconda.org/conda-forge/noarch/font-ttf-dejavu-sans-mono-2.37-hab24e00_0.tar.bz2#58d7f40d2940dd0a8aa28651239adbf5613254df0f75789919c4e6762054403b
https://conda.anaconda.org/conda-forge/noarch/font-ttf-inconsolata-3.000-h77eed37_0.tar.bz2#c52a29fdac682c20d252facc50f01e7c2e7ceac52aa9817aaf0bb83f7559ec5c
https://conda.anaconda.org/conda-forge/noarch/font-ttf-source-code-pro-2.038-h77eed37_0.tar.bz2#00925c8c055a2275614b4d983e1df637245e19058d79fc7dd1a93b8d9fb4b139
https://conda.anaconda.org/conda-forge/noarch/font-ttf-ubuntu-0.83-h77eed37_3.conda#2821ec1dc454bd8b9a31d0ed22a7ce22422c0aef163c59f49dfdf915d0f0ca14
https://conda.anaconda.org/conda-forge/noarch/python_abi-3.12-9_cp312.conda#ee9c2922e07afc85fc82d5fa82c9ac2c79da3be3283a5e17bf2f2ae38dbd02fb
https://conda.anaconda.org/conda-forge/noarch/tzdata-2026c-h151e31d_0.conda#b928c30ddcb0e3f544c6eade8352737e6e610e263276b90232db6a578ef899d8
https://conda.anaconda.org/conda-forge/win-64/ucrt-10.0.26100.0-h57928b3_0.conda#3005729dce6f3d3f5ec91dfc49fc75a0095f9cd23bab49efb899657297ac91a5
https://conda.anaconda.org/conda-forge/noarch/fonts-conda-forge-1-hc364b38_1.conda#54eea8469786bc2291cc40bca5f46438d3e062a399e8f53f013b6a9f50e98333
https://conda.anaconda.org/conda-forge/win-64/libwinpthread-12.0.0.r4.gg4f2fc60ca-h57928b3_10.conda#0fccf2d17026255b6e10ace1f191d0a2a18f2d65088fd02430be17c701f8ffe0
https://conda.anaconda.org/conda-forge/win-64/vcomp14-14.51.36247-habf1de7_41.conda#731e043390c9457299484d39e427221fc868a9249540a498a5a4f6456c7744d1
https://conda.anaconda.org/conda-forge/noarch/fonts-conda-ecosystem-1-0.tar.bz2#a997f2f1921bb9c9d76e6fa2f6b408b7fa549edd349a77639c9fe7a23ea93e61
https://conda.anaconda.org/conda-forge/win-64/vc14_runtime-14.51.36247-habf1de7_41.conda#4e4cb599cdc41bf2109d1464c127b5bcbddf548ce3e322e612afb691338b48f8
https://conda.anaconda.org/conda-forge/win-64/vc-14.5-ha367084_41.conda#35444c55a92e2f7f7ba26bc70f81e56e52344f7d064c0fd4b40a46a58517b79c
https://conda.anaconda.org/conda-forge/win-64/bzip2-1.0.8-h0ad9c76_10.conda#04767466ee9227c9c57ab2c6503e0149177d34111c7418d2f420297acb1eb229
https://conda.anaconda.org/conda-forge/win-64/freeglut-3.2.2-hac47afa_4.conda#d4d255236a305e0fde4f9b360cca647331fad5348f70333c88fc50b3a6eabccc
https://conda.anaconda.org/conda-forge/win-64/icu-78.3-h5112557_2.conda#75c549b55b673e15de8785a8e5dd85bca7eb612eee0ff4dc8d7bdaa15eacbdbb
https://conda.anaconda.org/conda-forge/win-64/jxrlib-1.1-hcfcfb64_3.conda#a9ac265bcf65fce57cfb6512a1b072d5489445d14aa1b60c9bdf73370cf261b2
https://conda.anaconda.org/conda-forge/win-64/lerc-4.2.0-hd936e49_0.conda#93d666f63f284ef77b87b0b1f77b70f7d36d315a132f9afa64bc0012d937ba39
https://conda.anaconda.org/conda-forge/win-64/libdeflate-1.25-h1a1d4e4_1.conda#af1cda21d4653f594fbef20aa4e1ff158a546902b3307ef8af9a9b44b43862d2
https://conda.anaconda.org/conda-forge/win-64/libexpat-2.8.5-hac47afa_0.conda#70c73d9fd24ad996f2821d1501adae2ca70984b4e2d8faed76227f348ce86078
https://conda.anaconda.org/conda-forge/win-64/libffi-3.7.0-h3d046cb_1.conda#613e8077c5cca5df7fe84ade7d5050301bee3c6c4c450ffe61d34a349ab4f11c
https://conda.anaconda.org/conda-forge/win-64/libiconv-1.18-hc1393d2_3.conda#35e04e3ddac7720fc7c550a1c9f998604299d6a7bd1f3ec9b2825d825061daa2
https://conda.anaconda.org/conda-forge/win-64/libjpeg-turbo-3.2.0-hfd05255_1.conda#df78ab4c0eecb3dd9331898f96baeed8e5ca1c363346332517abeb0b614b9a53
https://conda.anaconda.org/conda-forge/win-64/liblzma-5.8.3-hfd05255_1.conda#d36c4a1e1f80fd08e18a407e03622ff2f34dfdd022da6488ad19603dea19e6d5
https://conda.anaconda.org/conda-forge/win-64/libpython-3.12.15-hcc31f7b_1_cpython.conda#8a6489422d213c1ce80f156c7d4951b1276b82f09ae329f624969ef93833639c
https://conda.anaconda.org/conda-forge/win-64/libsqlite-3.53.4-hf5d6505_103.conda#94e12c9dd0323bd8f9e5abc85bba0994b9ad7f21420bb3310f9fbbbcc7c1b29e
https://conda.anaconda.org/conda-forge/win-64/libwebp-base-1.6.0-h4d5522a_1.conda#4470d98d3178b0d45492eed4808afe421d2e7808352b8d06c2dc29166b75d94d
https://conda.anaconda.org/conda-forge/win-64/libzlib-1.3.2-hfd05255_3.conda#0629c2cc0404d3bb29d6baa7b4ba62da80797015e86de050db81ea5a07050527
https://conda.anaconda.org/conda-forge/win-64/llvm-openmp-23.1.3-h49e36cd_0.conda#77727ace0120c95878d14b27cb1daeeb09445245df4c222a9bf40b6df9bf5a2f
https://conda.anaconda.org/conda-forge/win-64/openssl-3.6.5-hf411b9b_0.conda#bc44625e0c6d83f3e02b5f6adc01e0e3ca7001d3d94e24959591a57f5a011b9a
https://conda.anaconda.org/conda-forge/win-64/rapidjson-1.1.0.post20250205-h5112557_0.conda#1c41755b6ce3ebe2c5c31e082a2b965d82b5e68bae4857531ccf9ba8a790b107
https://conda.anaconda.org/conda-forge/win-64/tk-8.6.13-h967ab96_4.conda#f19618a3a82cc483dacf1c70a30367ee7b0c7e71b90f1f80e14feff44fbd3688
https://conda.anaconda.org/conda-forge/win-64/imath-3.2.3-h1608b31_1.conda#0f1adaeaa4a9e0137fc61340f2d8389b87060a877d1c18186f1410ffb9f2fa92
https://conda.anaconda.org/conda-forge/win-64/jasper-4.2.9-h1339676_2.conda#f22e46c48963ffeeba896cfe0da39c79af42a9d0fcc54539448e38f175e77b63
https://conda.anaconda.org/conda-forge/win-64/libintl-0.22.5-h5728263_4.conda#85b50be2209f3b8a873830ec9894477d260f4c7ba9540e65959f5812bf7219f8
https://conda.anaconda.org/conda-forge/win-64/libpng-1.6.59-hdc8cecf_0.conda#36050852deae6edc98d7b71489b8d07254e2753c69bd524bf5784927cd1f0b2c
https://conda.anaconda.org/conda-forge/win-64/libxml2-16-2.15.4-h3cfd58e_1.conda#819c4edd7b7bcfa9461aeccb56c0a7e9fa7c251163333e64222c142499822958
https://conda.anaconda.org/conda-forge/win-64/python-3.12.15-hb12b558_1_cpython.conda#9476db87d6af903245b160190de22448b07fced7f700b84744858f4df90b5b28
https://conda.anaconda.org/conda-forge/win-64/zlib-1.3.2-hfd05255_3.conda#5a0b55df66ff07b4342e04967cef69f8bf348f6a0fb1cc1eca741c7b015dfe77
https://conda.anaconda.org/conda-forge/win-64/zstd-1.5.7-h534d264_7.conda#ca7daae4f218a11fab82cc2857f0ea518ec3f46acec60490485347a4c22c6b3e
https://conda.anaconda.org/conda-forge/win-64/libfreetype6-2.14.3-hdbac1cb_2.conda#cbc650854003e434d4ff6c7b1a2667e38a4242ad8a391a1c5ff89721624065ce
https://conda.anaconda.org/conda-forge/win-64/libtiff-4.7.2-h8f73337_1.conda#3575a092e3e52625a1767804a4ebd321becaadf61b63dcd6735ebb88c0b3c359
https://conda.anaconda.org/conda-forge/win-64/libxml2-2.15.4-he095d88_1.conda#81e8cace5c3cb62c4125882b4a6df33ab48c16349231d8ea5008bbe0ee93c10f
https://conda.anaconda.org/conda-forge/noarch/packaging-26.3-pyhc364b38_0.conda#c432626b16768b8dab228bfb706f7060c2d462a21c516d240f68f2f902b5a044
https://conda.anaconda.org/conda-forge/noarch/pyparsing-3.3.3-pyh5ded981_0.conda#dc10d64d4b9a1310083b2f563416ab45560ee2a04fd6baab40f223f2b1ab37bc
https://conda.anaconda.org/conda-forge/noarch/setuptools-84.0.0-pyh332efcf_0.conda#9e200ee5f9ff19a4d94e4b51c4856d53dec849f91032f345cf0c6bc3d51a7183
https://conda.anaconda.org/conda-forge/win-64/lcms2-2.19.1-hf2c6c5f_3.conda#7c5f96b473b721a4279708b448591dc3d89ed274280ff480dea1b4f9b13e1fcd
https://conda.anaconda.org/conda-forge/win-64/libfreetype-2.14.3-h57928b3_2.conda#d794d7fddb6eea50e18a62fa27ab3819f40d51bad00b90cf4ca591fb0d4006c2
https://conda.anaconda.org/conda-forge/win-64/libhwloc-2.15.0-default_hae90fe0_1001.conda#240368b73a984a1812dab5f7964ed03304950ad97466cd7ee347df9cc707629d
https://conda.anaconda.org/conda-forge/win-64/openjpeg-2.5.4-h90fa87c_2.conda#d1c630ccd9ae0898b48d84e986f4c330f66a25e535f99efe8cbf03f042b33da5
https://conda.anaconda.org/conda-forge/win-64/openjph-0.32.0-hf13a347_1.conda#f857a5c6120dd99d8760b1fe223eb768b4b5b8941280f52408ec8358a2184ceb
https://conda.anaconda.org/conda-forge/noarch/svgwrite-1.4.3-pyhd8ed1ab_1.conda#0571b8426cd6fab05cd0639d4a5203e0f01ba8da75b48ed7b7b1103445e6a3b2
https://conda.anaconda.org/conda-forge/noarch/wheel-0.48.0-pyhd8ed1ab_0.conda#ba64b29b6d418024cb565081a1799262cb2780d2534ff4c14f76aa858c4286cd
https://conda.anaconda.org/conda-forge/win-64/fontconfig-2.18.3-hd47e2ca_1.conda#f26139e3c774a6434c8a73381c08e3d2a4c2f9d9ef9587c66aab8836211ee2ec
https://conda.anaconda.org/conda-forge/win-64/freetype-2.14.3-h57928b3_2.conda#32f7dd8ffe62fd485e9e6570e871f5be45af74c84fde62241a2417046a373efd
https://conda.anaconda.org/conda-forge/win-64/libraw-0.22.2-h345c428_0.conda#347df3aa8db67e51702d3478bcba7a85745dde82c6824b252744e8de676e5e23
https://conda.anaconda.org/conda-forge/win-64/openexr-3.5.2-h23de9c7_1.conda#7899cf9b4bc2235f7a4f2abdfde754507094b8c9fd967f70a58200d70e32cabe
https://conda.anaconda.org/conda-forge/noarch/pip-26.2.1-pyh8b19718_0.conda#c205bae42eb11b364fe3663a817cbcbc20a8ef544c6b2ff6f391013487117259
https://conda.anaconda.org/conda-forge/win-64/tbb-2023.1.0-h272cf33_2.conda#65f5a52eb5250ca0d627e6958e703583dca008988695284fc2181b3a0a790efd
https://conda.anaconda.org/conda-forge/win-64/freeimage-3.18.0-h17567e8_27.conda#532b2ee17e2ccff72e8f7a7c6e608ab6a4dd2b61626dbbe0dc2987687e5557bc
https://conda.anaconda.org/conda-forge/win-64/mkl-2026.1.0-hac47afa_235.conda#bb8abe071f73765446df62924031e6599577e8ac9003264dc4569e78c0fea16d
https://conda.anaconda.org/conda-forge/win-64/libblas-3.11.0-11_h8455456_mkl.conda#51a38b02bacb5a4b546d41aeb0f7921ee85c0ec1009fdcb58635bcad06f2eb1a
https://conda.anaconda.org/conda-forge/win-64/occt-7.9.3-novtk_h1b358ef_103.conda#8ea162476f44a6aa1396f1a446e79bece507de6e88d477e9437dfd0d8f59cd7a
https://conda.anaconda.org/conda-forge/win-64/libcblas-3.11.0-11_h2a3cdd5_mkl.conda#9a2d431ead1463a7a96a38bedc901705c325c5bbafd7a2bcc5a198fbfcdea29e
https://conda.anaconda.org/conda-forge/win-64/liblapack-3.11.0-11_hf9ab0e9_mkl.conda#460a2b9896bbee9a3cdfef26d1fdce056028291eef104564082de9e9f566bba6
https://conda.anaconda.org/conda-forge/win-64/numpy-2.5.3-py312ha3f287d_0.conda#f214d2012887b5526774eff106f7354f1878ad6b148667a4a91a632c5e49b98b
https://conda.anaconda.org/conda-forge/win-64/pythonocc-core-7.9.3-novtk_hd7b45fb_103.conda#2b601601a09fc5074d649179fe7975821ce367d8b77a26526ec87e7888fd29fc
