# This file may be used to create an environment using:
# $ conda create --name <env> --file <this file>
# platform: win-64
# created-by: conda 26.5.3
@EXPLICIT
https://conda.anaconda.org/conda-forge/noarch/ca-certificates-2026.7.22-h4c7d964_0.conda#95e8e74062a5fe5f870ac8c90302b6e89945165fdaed7810606e84ddee6aac12
https://conda.anaconda.org/conda-forge/noarch/tzdata-2026c-h151e31d_0.conda#b928c30ddcb0e3f544c6eade8352737e6e610e263276b90232db6a578ef899d8
https://conda.anaconda.org/conda-forge/win-64/ucrt-10.0.26100.0-h57928b3_0.conda#3005729dce6f3d3f5ec91dfc49fc75a0095f9cd23bab49efb899657297ac91a5
https://conda.anaconda.org/conda-forge/win-64/vcomp14-14.51.36247-habf1de7_41.conda#731e043390c9457299484d39e427221fc868a9249540a498a5a4f6456c7744d1
https://conda.anaconda.org/conda-forge/win-64/vc14_runtime-14.51.36247-habf1de7_41.conda#4e4cb599cdc41bf2109d1464c127b5bcbddf548ce3e322e612afb691338b48f8
https://conda.anaconda.org/conda-forge/win-64/vc-14.5-ha367084_41.conda#35444c55a92e2f7f7ba26bc70f81e56e52344f7d064c0fd4b40a46a58517b79c
https://conda.anaconda.org/conda-forge/win-64/bzip2-1.0.8-h0ad9c76_10.conda#04767466ee9227c9c57ab2c6503e0149177d34111c7418d2f420297acb1eb229
https://conda.anaconda.org/conda-forge/win-64/libexpat-2.8.5-hac47afa_0.conda#70c73d9fd24ad996f2821d1501adae2ca70984b4e2d8faed76227f348ce86078
https://conda.anaconda.org/conda-forge/win-64/libffi-3.7.0-h3d046cb_1.conda#613e8077c5cca5df7fe84ade7d5050301bee3c6c4c450ffe61d34a349ab4f11c
https://conda.anaconda.org/conda-forge/win-64/liblzma-5.8.3-hfd05255_1.conda#d36c4a1e1f80fd08e18a407e03622ff2f34dfdd022da6488ad19603dea19e6d5
https://conda.anaconda.org/conda-forge/win-64/libpython-3.12.15-hcc31f7b_1_cpython.conda#8a6489422d213c1ce80f156c7d4951b1276b82f09ae329f624969ef93833639c
https://conda.anaconda.org/conda-forge/win-64/libsqlite-3.53.4-hf5d6505_103.conda#94e12c9dd0323bd8f9e5abc85bba0994b9ad7f21420bb3310f9fbbbcc7c1b29e
https://conda.anaconda.org/conda-forge/win-64/libzlib-1.3.2-hfd05255_3.conda#0629c2cc0404d3bb29d6baa7b4ba62da80797015e86de050db81ea5a07050527
https://conda.anaconda.org/conda-forge/win-64/openssl-3.6.5-hf411b9b_0.conda#bc44625e0c6d83f3e02b5f6adc01e0e3ca7001d3d94e24959591a57f5a011b9a
https://conda.anaconda.org/conda-forge/win-64/tk-8.6.13-h967ab96_4.conda#f19618a3a82cc483dacf1c70a30367ee7b0c7e71b90f1f80e14feff44fbd3688
https://conda.anaconda.org/conda-forge/win-64/python-3.12.15-hb12b558_1_cpython.conda#9476db87d6af903245b160190de22448b07fced7f700b84744858f4df90b5b28
https://conda.anaconda.org/conda-forge/noarch/packaging-26.3-pyhc364b38_0.conda#c432626b16768b8dab228bfb706f7060c2d462a21c516d240f68f2f902b5a044
https://conda.anaconda.org/conda-forge/noarch/setuptools-84.0.0-pyh332efcf_0.conda#9e200ee5f9ff19a4d94e4b51c4856d53dec849f91032f345cf0c6bc3d51a7183
https://conda.anaconda.org/conda-forge/noarch/wheel-0.48.0-pyhd8ed1ab_0.conda#ba64b29b6d418024cb565081a1799262cb2780d2534ff4c14f76aa858c4286cd
https://conda.anaconda.org/conda-forge/noarch/pip-26.2.1-pyh8b19718_0.conda#c205bae42eb11b364fe3663a817cbcbc20a8ef544c6b2ff6f391013487117259
